// !$*UTF8*$!
{
	archiveVersion = 1;
	classes = {
	};
	objectVersion = 54;
	objects = {

/* Begin PBXBuildFile section */
		141C23A4268A9EEE00155BCD /* HimnarioPentecostalApp.swift in Sources */ = {isa = PBXBuildFile; fileRef = 141C23A3268A9EEE00155BCD /* HimnarioPentecostalApp.swift */; };
		141C23A8268A9EF000155BCD /* Assets.xcassets in Resources */ = {isa = PBXBuildFile; fileRef = 141C23A7268A9EF000155BCD /* Assets.xcassets */; };
		141C23AB268A9EF000155BCD /* Preview Assets.xcassets in Resources */ = {isa = PBXBuildFile; fileRef = 141C23AA268A9EF000155BCD /* Preview Assets.xcassets */; };
		14D0F93F268AA22C001C8DE8 /* HimnosView.swift in Sources */ = {isa = PBXBuildFile; fileRef = 14D0F93E268AA22C001C8DE8 /* HimnosView.swift */; };
		14D0F941268AA23D001C8DE8 /* AlabanzasView.swift in Sources */ = {isa = PBXBuildFile; fileRef = 14D0F940268AA23D001C8DE8 /* AlabanzasView.swift */; };
		14D0F945268AA2CD001C8DE8 /* MenuTabBarView.swift in Sources */ = {isa = PBXBuildFile; fileRef = 14D0F944268AA2CD001C8DE8 /* MenuTabBarView.swift */; };
		14D0F948268AA77B001C8DE8 /* CardViewProfile.swift in Sources */ = {isa = PBXBuildFile; fileRef = 14D0F947268AA77B001C8DE8 /* CardViewProfile.swift */; };
		37916690269A8399005694AA /* HimnosListView.swift in Sources */ = {isa = PBXBuildFile; fileRef = 3791668F269A8399005694AA /* HimnosListView.swift */; };
		37916692269A8623005694AA /* HimnosContentView.swift in Sources */ = {isa = PBXBuildFile; fileRef = 37916691269A8623005694AA /* HimnosContentView.swift */; };
		37916696269A8769005694AA /* HimnosModel.swift in Sources */ = {isa = PBXBuildFile; fileRef = 37916695269A8769005694AA /* HimnosModel.swift */; };
		3DF67F1B23AC217FD4E41F1F /* Pods_HimnarioPentecostal.framework in Frameworks */ = {isa = PBXBuildFile; fileRef = DFEC3F957F30681B9C287DDC /* Pods_HimnarioPentecostal.framework */; };
		B926E95B26D225720085D966 /* HimnosViewModel.swift in Sources */ = {isa = PBXBuildFile; fileRef = B926E95A26D225720085D966 /* HimnosViewModel.swift */; };
		B926E96026D22FF80085D966 /* AlabanzasViewModel.swift in Sources */ = {isa = PBXBuildFile; fileRef = B926E95F26D22FF80085D966 /* AlabanzasViewModel.swift */; };
		B926E96326D2303D0085D966 /* AlabanzaModel.swift in Sources */ = {isa = PBXBuildFile; fileRef = B926E96226D2303D0085D966 /* AlabanzaModel.swift */; };
		B926E96526D2315A0085D966 /* AlabanzasListView.swift in Sources */ = {isa = PBXBuildFile; fileRef = B926E96426D2315A0085D966 /* AlabanzasListView.swift */; };
		B926E96726D231920085D966 /* AlabanzasContentView.swift in Sources */ = {isa = PBXBuildFile; fileRef = B926E96626D231920085D966 /* AlabanzasContentView.swift */; };
		B97851BD26CB522000E130DF /* AppDelegate.swift in Sources */ = {isa = PBXBuildFile; fileRef = B97851BC26CB522000E130DF /* AppDelegate.swift */; };
		B9820E662977325B00F9AB54 /* SheetSettings.swift in Sources */ = {isa = PBXBuildFile; fileRef = B9820E652977325B00F9AB54 /* SheetSettings.swift */; };
		B9820E69297DB27900F9AB54 /* AttributedText in Frameworks */ = {isa = PBXBuildFile; productRef = B9820E68297DB27900F9AB54 /* AttributedText */; };
		B9820E6C297DB2CB00F9AB54 /* AttributedText.swift in Sources */ = {isa = PBXBuildFile; fileRef = B9820E6B297DB2CB00F9AB54 /* AttributedText.swift */; };
		B9820E6E297DB2FD00F9AB54 /* HTML2TextParser.swift in Sources */ = {isa = PBXBuildFile; fileRef = B9820E6D297DB2FD00F9AB54 /* HTML2TextParser.swift */; };
		B98484C82AD8401D00AE81F5 /* HomeView.swift in Sources */ = {isa = PBXBuildFile; fileRef = B98484C72AD8401D00AE81F5 /* HomeView.swift */; };
		B98484CB2AD842FB00AE81F5 /* SettingsView.swift in Sources */ = {isa = PBXBuildFile; fileRef = B98484CA2AD842FA00AE81F5 /* SettingsView.swift */; };
		B99787FD2BC5A7820079C22A /* CircleBackground.swift in Sources */ = {isa = PBXBuildFile; fileRef = B99787FC2BC5A7820079C22A /* CircleBackground.swift */; };
		B999700128A5BB4900CA161B /* GoogleService-Info.plist in Resources */ = {isa = PBXBuildFile; fileRef = B999700028A5BB4900CA161B /* GoogleService-Info.plist */; };
/* End PBXBuildFile section */

/* Begin PBXFileReference section */
		141C23A0268A9EEE00155BCD /* HimnarioPentecostal.app */ = {isa = PBXFileReference; explicitFileType = wrapper.application; includeInIndex = 0; path = HimnarioPentecostal.app; sourceTree = BUILT_PRODUCTS_DIR; };
		141C23A3268A9EEE00155BCD /* HimnarioPentecostalApp.swift */ = {isa = PBXFileReference; lastKnownFileType = sourcecode.swift; path = HimnarioPentecostalApp.swift; sourceTree = "<group>"; };
		141C23A7268A9EF000155BCD /* Assets.xcassets */ = {isa = PBXFileReference; lastKnownFileType = folder.assetcatalog; path = Assets.xcassets; sourceTree = "<group>"; };
		141C23AA268A9EF000155BCD /* Preview Assets.xcassets */ = {isa = PBXFileReference; lastKnownFileType = folder.assetcatalog; path = "Preview Assets.xcassets"; sourceTree = "<group>"; };
		141C23AC268A9EF000155BCD /* Info.plist */ = {isa = PBXFileReference; lastKnownFileType = text.plist.xml; path = Info.plist; sourceTree = "<group>"; };
		14D0F93E268AA22C001C8DE8 /* HimnosView.swift */ = {isa = PBXFileReference; lastKnownFileType = sourcecode.swift; path = HimnosView.swift; sourceTree = "<group>"; };
		14D0F940268AA23D001C8DE8 /* AlabanzasView.swift */ = {isa = PBXFileReference; lastKnownFileType = sourcecode.swift; path = AlabanzasView.swift; sourceTree = "<group>"; };
		14D0F944268AA2CD001C8DE8 /* MenuTabBarView.swift */ = {isa = PBXFileReference; lastKnownFileType = sourcecode.swift; path = MenuTabBarView.swift; sourceTree = "<group>"; };
		14D0F947268AA77B001C8DE8 /* CardViewProfile.swift */ = {isa = PBXFileReference; lastKnownFileType = sourcecode.swift; path = CardViewProfile.swift; sourceTree = "<group>"; };
		3791668F269A8399005694AA /* HimnosListView.swift */ = {isa = PBXFileReference; lastKnownFileType = sourcecode.swift; path = HimnosListView.swift; sourceTree = "<group>"; };
		37916691269A8623005694AA /* HimnosContentView.swift */ = {isa = PBXFileReference; lastKnownFileType = sourcecode.swift; path = HimnosContentView.swift; sourceTree = "<group>"; };
		37916695269A8769005694AA /* HimnosModel.swift */ = {isa = PBXFileReference; lastKnownFileType = sourcecode.swift; path = HimnosModel.swift; sourceTree = "<group>"; };
		6ECFD6CD131AF6D23FA1C16C /* Pods-HimnarioPentecostal.debug.xcconfig */ = {isa = PBXFileReference; includeInIndex = 1; lastKnownFileType = text.xcconfig; name = "Pods-HimnarioPentecostal.debug.xcconfig"; path = "Target Support Files/Pods-HimnarioPentecostal/Pods-HimnarioPentecostal.debug.xcconfig"; sourceTree = "<group>"; };
		B926E95A26D225720085D966 /* HimnosViewModel.swift */ = {isa = PBXFileReference; lastKnownFileType = sourcecode.swift; path = HimnosViewModel.swift; sourceTree = "<group>"; };
		B926E95F26D22FF80085D966 /* AlabanzasViewModel.swift */ = {isa = PBXFileReference; lastKnownFileType = sourcecode.swift; path = AlabanzasViewModel.swift; sourceTree = "<group>"; };
		B926E96226D2303D0085D966 /* AlabanzaModel.swift */ = {isa = PBXFileReference; lastKnownFileType = sourcecode.swift; path = AlabanzaModel.swift; sourceTree = "<group>"; };
		B926E96426D2315A0085D966 /* AlabanzasListView.swift */ = {isa = PBXFileReference; lastKnownFileType = sourcecode.swift; path = AlabanzasListView.swift; sourceTree = "<group>"; };
		B926E96626D231920085D966 /* AlabanzasContentView.swift */ = {isa = PBXFileReference; lastKnownFileType = sourcecode.swift; path = AlabanzasContentView.swift; sourceTree = "<group>"; };
		B97851BC26CB522000E130DF /* AppDelegate.swift */ = {isa = PBXFileReference; lastKnownFileType = sourcecode.swift; path = AppDelegate.swift; sourceTree = "<group>"; };
		B9820E652977325B00F9AB54 /* SheetSettings.swift */ = {isa = PBXFileReference; lastKnownFileType = sourcecode.swift; path = SheetSettings.swift; sourceTree = "<group>"; };
		B9820E6B297DB2CB00F9AB54 /* AttributedText.swift */ = {isa = PBXFileReference; lastKnownFileType = sourcecode.swift; path = AttributedText.swift; sourceTree = "<group>"; };
		B9820E6D297DB2FD00F9AB54 /* HTML2TextParser.swift */ = {isa = PBXFileReference; lastKnownFileType = sourcecode.swift; path = HTML2TextParser.swift; sourceTree = "<group>"; };
		B98484C72AD8401D00AE81F5 /* HomeView.swift */ = {isa = PBXFileReference; lastKnownFileType = sourcecode.swift; path = HomeView.swift; sourceTree = "<group>"; };
		B98484CA2AD842FA00AE81F5 /* SettingsView.swift */ = {isa = PBXFileReference; lastKnownFileType = sourcecode.swift; path = SettingsView.swift; sourceTree = "<group>"; };
		B99787FC2BC5A7820079C22A /* CircleBackground.swift */ = {isa = PBXFileReference; lastKnownFileType = sourcecode.swift; path = CircleBackground.swift; sourceTree = "<group>"; };
		B999700028A5BB4900CA161B /* GoogleService-Info.plist */ = {isa = PBXFileReference; fileEncoding = 4; lastKnownFileType = text.plist.xml; path = "GoogleService-Info.plist"; sourceTree = "<group>"; };
		DA5EB56BF5E39B304AC1A037 /* Pods-HimnarioPentecostal.release.xcconfig */ = {isa = PBXFileReference; includeInIndex = 1; lastKnownFileType = text.xcconfig; name = "Pods-HimnarioPentecostal.release.xcconfig"; path = "Target Support Files/Pods-HimnarioPentecostal/Pods-HimnarioPentecostal.release.xcconfig"; sourceTree = "<group>"; };
		DFEC3F957F30681B9C287DDC /* Pods_HimnarioPentecostal.framework */ = {isa = PBXFileReference; explicitFileType = wrapper.framework; includeInIndex = 0; path = Pods_HimnarioPentecostal.framework; sourceTree = BUILT_PRODUCTS_DIR; };
/* End PBXFileReference section */

/* Begin PBXFrameworksBuildPhase section */
		141C239D268A9EEE00155BCD /* Frameworks */ = {
			isa = PBXFrameworksBuildPhase;
			buildActionMask = 2147483647;
			files = (
				B9820E69297DB27900F9AB54 /* AttributedText in Frameworks */,
				3DF67F1B23AC217FD4E41F1F /* Pods_HimnarioPentecostal.framework in Frameworks */,
			);
			runOnlyForDeploymentPostprocessing = 0;
		};
/* End PBXFrameworksBuildPhase section */

/* Begin PBXGroup section */
		141C2397268A9EEE00155BCD = {
			isa = PBXGroup;
			children = (
				141C23A2268A9EEE00155BCD /* HimnarioPentecostal */,
				141C23A1268A9EEE00155BCD /* Products */,
				F92E3CEA9190913B4F89D588 /* Pods */,
				2830DDAACEB27012EF3DEC12 /* Frameworks */,
			);
			sourceTree = "<group>";
		};
		141C23A1268A9EEE00155BCD /* Products */ = {
			isa = PBXGroup;
			children = (
				141C23A0268A9EEE00155BCD /* HimnarioPentecostal.app */,
			);
			name = Products;
			sourceTree = "<group>";
		};
		141C23A2268A9EEE00155BCD /* HimnarioPentecostal */ = {
			isa = PBXGroup;
			children = (
				B9820E6A297DB29800F9AB54 /* core */,
				37916693269A8720005694AA /* Models */,
				B926E95826D2254C0085D966 /* ViewModel */,
				14D0F936268AA1A2001C8DE8 /* Views */,
				141C23A3268A9EEE00155BCD /* HimnarioPentecostalApp.swift */,
				141C23A7268A9EF000155BCD /* Assets.xcassets */,
				B999700028A5BB4900CA161B /* GoogleService-Info.plist */,
				141C23AC268A9EF000155BCD /* Info.plist */,
				141C23A9268A9EF000155BCD /* Preview Content */,
				B97851BC26CB522000E130DF /* AppDelegate.swift */,
			);
			path = HimnarioPentecostal;
			sourceTree = "<group>";
		};
		141C23A9268A9EF000155BCD /* Preview Content */ = {
			isa = PBXGroup;
			children = (
				141C23AA268A9EF000155BCD /* Preview Assets.xcassets */,
			);
			path = "Preview Content";
			sourceTree = "<group>";
		};
		14D0F936268AA1A2001C8DE8 /* Views */ = {
			isa = PBXGroup;
			children = (
				B98484C92AD842DB00AE81F5 /* settingsView */,
				B98484C62AD83FD900AE81F5 /* homeView */,
				14D0F946268AA754001C8DE8 /* components */,
				14D0F93B268AA1FB001C8DE8 /* menuBar */,
				14D0F939268AA1E8001C8DE8 /* alabanzas */,
				14D0F938268AA1DC001C8DE8 /* himnos */,
			);
			path = Views;
			sourceTree = "<group>";
		};
		14D0F938268AA1DC001C8DE8 /* himnos */ = {
			isa = PBXGroup;
			children = (
				14D0F93E268AA22C001C8DE8 /* HimnosView.swift */,
				3791668F269A8399005694AA /* HimnosListView.swift */,
				37916691269A8623005694AA /* HimnosContentView.swift */,
			);
			path = himnos;
			sourceTree = "<group>";
		};
		14D0F939268AA1E8001C8DE8 /* alabanzas */ = {
			isa = PBXGroup;
			children = (
				14D0F940268AA23D001C8DE8 /* AlabanzasView.swift */,
				B926E96426D2315A0085D966 /* AlabanzasListView.swift */,
				B926E96626D231920085D966 /* AlabanzasContentView.swift */,
			);
			path = alabanzas;
			sourceTree = "<group>";
		};
		14D0F93B268AA1FB001C8DE8 /* menuBar */ = {
			isa = PBXGroup;
			children = (
				14D0F944268AA2CD001C8DE8 /* MenuTabBarView.swift */,
			);
			path = menuBar;
			sourceTree = "<group>";
		};
		14D0F946268AA754001C8DE8 /* components */ = {
			isa = PBXGroup;
			children = (
				14D0F947268AA77B001C8DE8 /* CardViewProfile.swift */,
				B9820E652977325B00F9AB54 /* SheetSettings.swift */,
				B99787FC2BC5A7820079C22A /* CircleBackground.swift */,
			);
			path = components;
			sourceTree = "<group>";
		};
		2830DDAACEB27012EF3DEC12 /* Frameworks */ = {
			isa = PBXGroup;
			children = (
				DFEC3F957F30681B9C287DDC /* Pods_HimnarioPentecostal.framework */,
			);
			name = Frameworks;
			sourceTree = "<group>";
		};
		37916693269A8720005694AA /* Models */ = {
			isa = PBXGroup;
			children = (
				B926E96126D22FFE0085D966 /* alabanzasModels */,
				37916694269A8740005694AA /* himnosModels */,
			);
			path = Models;
			sourceTree = "<group>";
		};
		37916694269A8740005694AA /* himnosModels */ = {
			isa = PBXGroup;
			children = (
				37916695269A8769005694AA /* HimnosModel.swift */,
			);
			path = himnosModels;
			sourceTree = "<group>";
		};
		B926E95826D2254C0085D966 /* ViewModel */ = {
			isa = PBXGroup;
			children = (
				B926E95E26D22FD50085D966 /* alabanzas */,
				B926E95926D225590085D966 /* himnos */,
			);
			path = ViewModel;
			sourceTree = "<group>";
		};
		B926E95926D225590085D966 /* himnos */ = {
			isa = PBXGroup;
			children = (
				B926E95A26D225720085D966 /* HimnosViewModel.swift */,
			);
			path = himnos;
			sourceTree = "<group>";
		};
		B926E95E26D22FD50085D966 /* alabanzas */ = {
			isa = PBXGroup;
			children = (
				B926E95F26D22FF80085D966 /* AlabanzasViewModel.swift */,
			);
			path = alabanzas;
			sourceTree = "<group>";
		};
		B926E96126D22FFE0085D966 /* alabanzasModels */ = {
			isa = PBXGroup;
			children = (
				B926E96226D2303D0085D966 /* AlabanzaModel.swift */,
			);
			path = alabanzasModels;
			sourceTree = "<group>";
		};
		B9820E6A297DB29800F9AB54 /* core */ = {
			isa = PBXGroup;
			children = (
				B9820E6B297DB2CB00F9AB54 /* AttributedText.swift */,
				B9820E6D297DB2FD00F9AB54 /* HTML2TextParser.swift */,
			);
			path = core;
			sourceTree = "<group>";
		};
		B98484C62AD83FD900AE81F5 /* homeView */ = {
			isa = PBXGroup;
			children = (
				B98484C72AD8401D00AE81F5 /* HomeView.swift */,
			);
			path = homeView;
			sourceTree = "<group>";
		};
		B98484C92AD842DB00AE81F5 /* settingsView */ = {
			isa = PBXGroup;
			children = (
				B98484CA2AD842FA00AE81F5 /* SettingsView.swift */,
			);
			path = settingsView;
			sourceTree = "<group>";
		};
		F92E3CEA9190913B4F89D588 /* Pods */ = {
			isa = PBXGroup;
			children = (
				6ECFD6CD131AF6D23FA1C16C /* Pods-HimnarioPentecostal.debug.xcconfig */,
				DA5EB56BF5E39B304AC1A037 /* Pods-HimnarioPentecostal.release.xcconfig */,
			);
			path = Pods;
			sourceTree = "<group>";
		};
/* End PBXGroup section */

/* Begin PBXNativeTarget section */
		141C239F268A9EEE00155BCD /* HimnarioPentecostal */ = {
			isa = PBXNativeTarget;
			buildConfigurationList = 141C23AF268A9EF000155BCD /* Build configuration list for PBXNativeTarget "HimnarioPentecostal" */;
			buildPhases = (
				857F33A4692FA4FBD321B3FC /* [CP] Check Pods Manifest.lock */,
				141C239C268A9EEE00155BCD /* Sources */,
				141C239D268A9EEE00155BCD /* Frameworks */,
				141C239E268A9EEE00155BCD /* Resources */,
				ACA37176A870CF9E1F2050E7 /* [CP] Embed Pods Frameworks */,
			);
			buildRules = (
			);
			dependencies = (
			);
			name = HimnarioPentecostal;
			packageProductDependencies = (
				B9820E68297DB27900F9AB54 /* AttributedText */,
			);
			productName = HimnarioPentecostal;
			productReference = 141C23A0268A9EEE00155BCD /* HimnarioPentecostal.app */;
			productType = "com.apple.product-type.application";
		};
/* End PBXNativeTarget section */

/* Begin PBXProject section */
		141C2398268A9EEE00155BCD /* Project object */ = {
			isa = PBXProject;
			attributes = {
				BuildIndependentTargetsInParallel = YES;
				LastSwiftUpdateCheck = 1250;
				LastUpgradeCheck = 1530;
				TargetAttributes = {
					141C239F268A9EEE00155BCD = {
						CreatedOnToolsVersion = 12.5.1;
					};
				};
			};
			buildConfigurationList = 141C239B268A9EEE00155BCD /* Build configuration list for PBXProject "HimnarioPentecostal" */;
			compatibilityVersion = "Xcode 9.3";
			developmentRegion = en;
			hasScannedForEncodings = 0;
			knownRegions = (
				en,
				Base,
			);
			mainGroup = 141C2397268A9EEE00155BCD;
			packageReferences = (
				B9820E67297DB27900F9AB54 /* XCRemoteSwiftPackageReference "AttributedText" */,
			);
			productRefGroup = 141C23A1268A9EEE00155BCD /* Products */;
			projectDirPath = "";
			projectRoot = "";
			targets = (
				141C239F268A9EEE00155BCD /* HimnarioPentecostal */,
			);
		};
/* End PBXProject section */

/* Begin PBXResourcesBuildPhase section */
		141C239E268A9EEE00155BCD /* Resources */ = {
			isa = PBXResourcesBuildPhase;
			buildActionMask = 2147483647;
			files = (
				141C23AB268A9EF000155BCD /* Preview Assets.xcassets in Resources */,
				141C23A8268A9EF000155BCD /* Assets.xcassets in Resources */,
				B999700128A5BB4900CA161B /* GoogleService-Info.plist in Resources */,
			);
			runOnlyForDeploymentPostprocessing = 0;
		};
/* End PBXResourcesBuildPhase section */

/* Begin PBXShellScriptBuildPhase section */
		857F33A4692FA4FBD321B3FC /* [CP] Check Pods Manifest.lock */ = {
			isa = PBXShellScriptBuildPhase;
			buildActionMask = 2147483647;
			files = (
			);
			inputFileListPaths = (
			);
			inputPaths = (
				"${PODS_PODFILE_DIR_PATH}/Podfile.lock",
				"${PODS_ROOT}/Manifest.lock",
			);
			name = "[CP] Check Pods Manifest.lock";
			outputFileListPaths = (
			);
			outputPaths = (
				"$(DERIVED_FILE_DIR)/Pods-HimnarioPentecostal-checkManifestLockResult.txt",
			);
			runOnlyForDeploymentPostprocessing = 0;
			shellPath = /bin/sh;
			shellScript = "diff \"${PODS_PODFILE_DIR_PATH}/Podfile.lock\" \"${PODS_ROOT}/Manifest.lock\" > /dev/null\nif [ $? != 0 ] ; then\n    # print error to STDERR\n    echo \"error: The sandbox is not in sync with the Podfile.lock. Run 'pod install' or update your CocoaPods installation.\" >&2\n    exit 1\nfi\n# This output is used by Xcode 'outputs' to avoid re-running this script phase.\necho \"SUCCESS\" > \"${SCRIPT_OUTPUT_FILE_0}\"\n";
			showEnvVarsInLog = 0;
		};
		ACA37176A870CF9E1F2050E7 /* [CP] Embed Pods Frameworks */ = {
			isa = PBXShellScriptBuildPhase;
			buildActionMask = 2147483647;
			files = (
			);
			inputFileListPaths = (
				"${PODS_ROOT}/Target Support Files/Pods-HimnarioPentecostal/Pods-HimnarioPentecostal-frameworks-${CONFIGURATION}-input-files.xcfilelist",
			);
			name = "[CP] Embed Pods Frameworks";
			outputFileListPaths = (
				"${PODS_ROOT}/Target Support Files/Pods-HimnarioPentecostal/Pods-HimnarioPentecostal-frameworks-${CONFIGURATION}-output-files.xcfilelist",
			);
			runOnlyForDeploymentPostprocessing = 0;
			shellPath = /bin/sh;
			shellScript = "\"${PODS_ROOT}/Target Support Files/Pods-HimnarioPentecostal/Pods-HimnarioPentecostal-frameworks.sh\"\n";
			showEnvVarsInLog = 0;
		};
/* End PBXShellScriptBuildPhase section */

/* Begin PBXSourcesBuildPhase section */
		141C239C268A9EEE00155BCD /* Sources */ = {
			isa = PBXSourcesBuildPhase;
			buildActionMask = 2147483647;
			files = (
				B926E96726D231920085D966 /* AlabanzasContentView.swift in Sources */,
				B926E96526D2315A0085D966 /* AlabanzasListView.swift in Sources */,
				14D0F945268AA2CD001C8DE8 /* MenuTabBarView.swift in Sources */,
				B97851BD26CB522000E130DF /* AppDelegate.swift in Sources */,
				14D0F941268AA23D001C8DE8 /* AlabanzasView.swift in Sources */,
				14D0F93F268AA22C001C8DE8 /* HimnosView.swift in Sources */,
				37916696269A8769005694AA /* HimnosModel.swift in Sources */,
				B99787FD2BC5A7820079C22A /* CircleBackground.swift in Sources */,
				B926E96326D2303D0085D966 /* AlabanzaModel.swift in Sources */,
				B9820E662977325B00F9AB54 /* SheetSettings.swift in Sources */,
				B98484C82AD8401D00AE81F5 /* HomeView.swift in Sources */,
				14D0F948268AA77B001C8DE8 /* CardViewProfile.swift in Sources */,
				141C23A4268A9EEE00155BCD /* HimnarioPentecostalApp.swift in Sources */,
				B926E96026D22FF80085D966 /* AlabanzasViewModel.swift in Sources */,
				B9820E6C297DB2CB00F9AB54 /* AttributedText.swift in Sources */,
				B926E95B26D225720085D966 /* HimnosViewModel.swift in Sources */,
				37916692269A8623005694AA /* HimnosContentView.swift in Sources */,
				B9820E6E297DB2FD00F9AB54 /* HTML2TextParser.swift in Sources */,
				37916690269A8399005694AA /* HimnosListView.swift in Sources */,
				B98484CB2AD842FB00AE81F5 /* SettingsView.swift in Sources */,
			);
			runOnlyForDeploymentPostprocessing = 0;
		};
/* End PBXSourcesBuildPhase section */

/* Begin XCBuildConfiguration section */
		141C23AD268A9EF000155BCD /* Debug */ = {
			isa = XCBuildConfiguration;
			buildSettings = {
				ALWAYS_SEARCH_USER_PATHS = NO;
				ASSETCATALOG_COMPILER_GENERATE_SWIFT_ASSET_SYMBOL_EXTENSIONS = YES;
				CLANG_ANALYZER_NONNULL = YES;
				CLANG_ANALYZER_NUMBER_OBJECT_CONVERSION = YES_AGGRESSIVE;
				CLANG_CXX_LANGUAGE_STANDARD = "gnu++14";
				CLANG_CXX_LIBRARY = "libc++";
				CLANG_ENABLE_MODULES = YES;
				CLANG_ENABLE_OBJC_ARC = YES;
				CLANG_ENABLE_OBJC_WEAK = YES;
				CLANG_WARN_BLOCK_CAPTURE_AUTORELEASING = YES;
				CLANG_WARN_BOOL_CONVERSION = YES;
				CLANG_WARN_COMMA = YES;
				CLANG_WARN_CONSTANT_CONVERSION = YES;
				CLANG_WARN_DEPRECATED_OBJC_IMPLEMENTATIONS = YES;
				CLANG_WARN_DIRECT_OBJC_ISA_USAGE = YES_ERROR;
				CLANG_WARN_DOCUMENTATION_COMMENTS = YES;
				CLANG_WARN_EMPTY_BODY = YES;
				CLANG_WARN_ENUM_CONVERSION = YES;
				CLANG_WARN_INFINITE_RECURSION = YES;
				CLANG_WARN_INT_CONVERSION = YES;
				CLANG_WARN_NON_LITERAL_NULL_CONVERSION = YES;
				CLANG_WARN_OBJC_IMPLICIT_RETAIN_SELF = YES;
				CLANG_WARN_OBJC_LITERAL_CONVERSION = YES;
				CLANG_WARN_OBJC_ROOT_CLASS = YES_ERROR;
				CLANG_WARN_QUOTED_INCLUDE_IN_FRAMEWORK_HEADER = YES;
				CLANG_WARN_RANGE_LOOP_ANALYSIS = YES;
				CLANG_WARN_STRICT_PROTOTYPES = YES;
				CLANG_WARN_SUSPICIOUS_MOVE = YES;
				CLANG_WARN_UNGUARDED_AVAILABILITY = YES_AGGRESSIVE;
				CLANG_WARN_UNREACHABLE_CODE = YES;
				CLANG_WARN__DUPLICATE_METHOD_MATCH = YES;
				COPY_PHASE_STRIP = NO;
				DEBUG_INFORMATION_FORMAT = dwarf;
				ENABLE_STRICT_OBJC_MSGSEND = YES;
				ENABLE_TESTABILITY = YES;
				ENABLE_USER_SCRIPT_SANDBOXING = NO;
				GCC_C_LANGUAGE_STANDARD = gnu11;
				GCC_DYNAMIC_NO_PIC = NO;
				GCC_NO_COMMON_BLOCKS = YES;
				GCC_OPTIMIZATION_LEVEL = 0;
				GCC_PREPROCESSOR_DEFINITIONS = (
					"DEBUG=1",
					"$(inherited)",
				);
				GCC_WARN_64_TO_32_BIT_CONVERSION = YES;
				GCC_WARN_ABOUT_RETURN_TYPE = YES_ERROR;
				GCC_WARN_UNDECLARED_SELECTOR = YES;
				GCC_WARN_UNINITIALIZED_AUTOS = YES_AGGRESSIVE;
				GCC_WARN_UNUSED_FUNCTION = YES;
				GCC_WARN_UNUSED_VARIABLE = YES;
				IPHONEOS_DEPLOYMENT_TARGET = 17.4;
				MTL_ENABLE_DEBUG_INFO = INCLUDE_SOURCE;
				MTL_FAST_MATH = YES;
				ONLY_ACTIVE_ARCH = YES;
				SDKROOT = iphoneos;
				SWIFT_ACTIVE_COMPILATION_CONDITIONS = DEBUG;
				SWIFT_OPTIMIZATION_LEVEL = "-Onone";
			};
			name = Debug;
		};
		141C23AE268A9EF000155BCD /* Release */ = {
			isa = XCBuildConfiguration;
			buildSettings = {
				ALWAYS_SEARCH_USER_PATHS = NO;
				ASSETCATALOG_COMPILER_GENERATE_SWIFT_ASSET_SYMBOL_EXTENSIONS = YES;
				CLANG_ANALYZER_NONNULL = YES;
				CLANG_ANALYZER_NUMBER_OBJECT_CONVERSION = YES_AGGRESSIVE;
				CLANG_CXX_LANGUAGE_STANDARD = "gnu++14";
				CLANG_CXX_LIBRARY = "libc++";
				CLANG_ENABLE_MODULES = YES;
				CLANG_ENABLE_OBJC_ARC = YES;
				CLANG_ENABLE_OBJC_WEAK = YES;
				CLANG_WARN_BLOCK_CAPTURE_AUTORELEASING = YES;
				CLANG_WARN_BOOL_CONVERSION = YES;
				CLANG_WARN_COMMA = YES;
				CLANG_WARN_CONSTANT_CONVERSION = YES;
				CLANG_WARN_DEPRECATED_OBJC_IMPLEMENTATIONS = YES;
				CLANG_WARN_DIRECT_OBJC_ISA_USAGE = YES_ERROR;
				CLANG_WARN_DOCUMENTATION_COMMENTS = YES;
				CLANG_WARN_EMPTY_BODY = YES;
				CLANG_WARN_ENUM_CONVERSION = YES;
				CLANG_WARN_INFINITE_RECURSION = YES;
				CLANG_WARN_INT_CONVERSION = YES;
				CLANG_WARN_NON_LITERAL_NULL_CONVERSION = YES;
				CLANG_WARN_OBJC_IMPLICIT_RETAIN_SELF = YES;
				CLANG_WARN_OBJC_LITERAL_CONVERSION = YES;
				CLANG_WARN_OBJC_ROOT_CLASS = YES_ERROR;
				CLANG_WARN_QUOTED_INCLUDE_IN_FRAMEWORK_HEADER = YES;
				CLANG_WARN_RANGE_LOOP_ANALYSIS = YES;
				CLANG_WARN_STRICT_PROTOTYPES = YES;
				CLANG_WARN_SUSPICIOUS_MOVE = YES;
				CLANG_WARN_UNGUARDED_AVAILABILITY = YES_AGGRESSIVE;
				CLANG_WARN_UNREACHABLE_CODE = YES;
				CLANG_WARN__DUPLICATE_METHOD_MATCH = YES;
				COPY_PHASE_STRIP = NO;
				DEBUG_INFORMATION_FORMAT = "dwarf-with-dsym";
				ENABLE_NS_ASSERTIONS = NO;
				ENABLE_STRICT_OBJC_MSGSEND = YES;
				ENABLE_USER_SCRIPT_SANDBOXING = NO;
				GCC_C_LANGUAGE_STANDARD = gnu11;
				GCC_NO_COMMON_BLOCKS = YES;
				GCC_WARN_64_TO_32_BIT_CONVERSION = YES;
				GCC_WARN_ABOUT_RETURN_TYPE = YES_ERROR;
				GCC_WARN_UNDECLARED_SELECTOR = YES;
				GCC_WARN_UNINITIALIZED_AUTOS = YES_AGGRESSIVE;
				GCC_WARN_UNUSED_FUNCTION = YES;
				GCC_WARN_UNUSED_VARIABLE = YES;
				IPHONEOS_DEPLOYMENT_TARGET = 17.4;
				MTL_ENABLE_DEBUG_INFO = NO;
				MTL_FAST_MATH = YES;
				SDKROOT = iphoneos;
				SWIFT_COMPILATION_MODE = wholemodule;
				SWIFT_OPTIMIZATION_LEVEL = "-O";
				VALIDATE_PRODUCT = YES;
			};
			name = Release;
		};
		141C23B0268A9EF000155BCD /* Debug */ = {
			isa = XCBuildConfiguration;
			baseConfigurationReference = 6ECFD6CD131AF6D23FA1C16C /* Pods-HimnarioPentecostal.debug.xcconfig */;
			buildSettings = {
				ASSETCATALOG_COMPILER_APPICON_NAME = AppIcon;
				ASSETCATALOG_COMPILER_GLOBAL_ACCENT_COLOR_NAME = AccentColor;
				CODE_SIGN_IDENTITY = "Apple Development";
				CODE_SIGN_STYLE = Automatic;
				DEVELOPMENT_ASSET_PATHS = "\"HimnarioPentecostal/Preview Content\"";
				DEVELOPMENT_TEAM = 96AUMX3G87;
				ENABLE_PREVIEWS = YES;
				INFOPLIST_FILE = HimnarioPentecostal/Info.plist;
				IPHONEOS_DEPLOYMENT_TARGET = 17.4;
				LD_RUNPATH_SEARCH_PATHS = (
					"$(inherited)",
					"@executable_path/Frameworks",
				);
				PRODUCT_BUNDLE_IDENTIFIER = com.eortizma.HimnarioPentecostal;
				PRODUCT_NAME = "$(TARGET_NAME)";
				PROVISIONING_PROFILE_SPECIFIER = "";
				SWIFT_VERSION = 5.0;
				TARGETED_DEVICE_FAMILY = "1,2";
			};
			name = Debug;
		};
		141C23B1268A9EF000155BCD /* Release */ = {
			isa = XCBuildConfiguration;
			baseConfigurationReference = DA5EB56BF5E39B304AC1A037 /* Pods-HimnarioPentecostal.release.xcconfig */;
			buildSettings = {
				ASSETCATALOG_COMPILER_APPICON_NAME = AppIcon;
				ASSETCATALOG_COMPILER_GLOBAL_ACCENT_COLOR_NAME = AccentColor;
				CODE_SIGN_IDENTITY = "Apple Development";
				CODE_SIGN_STYLE = Automatic;
				DEVELOPMENT_ASSET_PATHS = "\"HimnarioPentecostal/Preview Content\"";
				DEVELOPMENT_TEAM = 96AUMX3G87;
				ENABLE_PREVIEWS = YES;
				INFOPLIST_FILE = HimnarioPentecostal/Info.plist;
				IPHONEOS_DEPLOYMENT_TARGET = 17.4;
				LD_RUNPATH_SEARCH_PATHS = (
					"$(inherited)",
					"@executable_path/Frameworks",
				);
				PRODUCT_BUNDLE_IDENTIFIER = com.eortizma.HimnarioPentecostal;
				PRODUCT_NAME = "$(TARGET_NAME)";
				PROVISIONING_PROFILE_SPECIFIER = "";
				SWIFT_VERSION = 5.0;
				TARGETED_DEVICE_FAMILY = "1,2";
			};
			name = Release;
		};
/* End XCBuildConfiguration section */

/* Begin XCConfigurationList section */
		141C239B268A9EEE00155BCD /* Build configuration list for PBXProject "HimnarioPentecostal" */ = {
			isa = XCConfigurationList;
			buildConfigurations = (
				141C23AD268A9EF000155BCD /* Debug */,
				141C23AE268A9EF000155BCD /* Release */,
			);
			defaultConfigurationIsVisible = 0;
			defaultConfigurationName = Release;
		};
		141C23AF268A9EF000155BCD /* Build configuration list for PBXNativeTarget "HimnarioPentecostal" */ = {
			isa = XCConfigurationList;
			buildConfigurations = (
				141C23B0268A9EF000155BCD /* Debug */,
				141C23B1268A9EF000155BCD /* Release */,
			);
			defaultConfigurationIsVisible = 0;
			defaultConfigurationName = Release;
		};
/* End XCConfigurationList section */

/* Begin XCRemoteSwiftPackageReference section */
		B9820E67297DB27900F9AB54 /* XCRemoteSwiftPackageReference "AttributedText" */ = {
			isa = XCRemoteSwiftPackageReference;
			repositoryURL = "https://github.com/Iaenhaall/AttributedText.git";
			requirement = {
				kind = upToNextMajorVersion;
				minimumVersion = 1.0.0;
			};
		};
/* End XCRemoteSwiftPackageReference section */

/* Begin XCSwiftPackageProductDependency section */
		B9820E68297DB27900F9AB54 /* AttributedText */ = {
			isa = XCSwiftPackageProductDependency;
			package = B9820E67297DB27900F9AB54 /* XCRemoteSwiftPackageReference "AttributedText" */;
			productName = AttributedText;
		};
/* End XCSwiftPackageProductDependency section */
	};
	rootObject = 141C2398268A9EEE00155BCD /* Project object */;
}
